// !$*UTF8*$!
{
	archiveVersion = 1;
	classes = {
	};
	objectVersion = 46;
	objects = {

/* Begin PBXBuildFile section */
		4974A6FC1A0977300054E696 /* main.m in Sources */ = {isa = PBXBuildFile; fileRef = 4974A6FB1A0977300054E696 /* main.m */; };
		4974A6FF1A0977300054E696 /* AppDelegate.m in Sources */ = {isa = PBXBuildFile; fileRef = 4974A6FE1A0977300054E696 /* AppDelegate.m */; };
		4974A7021A0977300054E696 /* RootViewController.m in Sources */ = {isa = PBXBuildFile; fileRef = 4974A7011A0977300054E696 /* RootViewController.m */; };
		4974A7051A0977300054E696 /* Main.storyboard in Resources */ = {isa = PBXBuildFile; fileRef = 4974A7031A0977300054E696 /* Main.storyboard */; };
		4974A7071A0977300054E696 /* Images.xcassets in Resources */ = {isa = PBXBuildFile; fileRef = 4974A7061A0977300054E696 /* Images.xcassets */; };
		4974A70A1A0977300054E696 /* LaunchScreen.xib in Resources */ = {isa = PBXBuildFile; fileRef = 4974A7081A0977300054E696 /* LaunchScreen.xib */; };
		4974A7161A0977300054E696 /* GetOnThatBusTests.m in Sources */ = {isa = PBXBuildFile; fileRef = 4974A7151A0977300054E696 /* GetOnThatBusTests.m */; };
		4974A7201A097A890054E696 /* MapKit.framework in Frameworks */ = {isa = PBXBuildFile; fileRef = 4974A71F1A097A890054E696 /* MapKit.framework */; };
		4974A7231A0980D90054E696 /* BusStop.m in Sources */ = {isa = PBXBuildFile; fileRef = 4974A7221A0980D90054E696 /* BusStop.m */; };
		4974A7271A0998010054E696 /* DetailViewController.m in Sources */ = {isa = PBXBuildFile; fileRef = 4974A7261A0998010054E696 /* DetailViewController.m */; };
/* End PBXBuildFile section */

/* Begin PBXContainerItemProxy section */
		4974A7101A0977300054E696 /* PBXContainerItemProxy */ = {
			isa = PBXContainerItemProxy;
			containerPortal = 4974A6EE1A0977300054E696 /* Project object */;
			proxyType = 1;
			remoteGlobalIDString = 4974A6F51A0977300054E696;
			remoteInfo = GetOnThatBus;
		};
/* End PBXContainerItemProxy section */

/* Begin PBXFileReference section */
		4974A6F61A0977300054E696 /* GetOnThatBus.app */ = {isa = PBXFileReference; explicitFileType = wrapper.application; includeInIndex = 0; path = GetOnThatBus.app; sourceTree = BUILT_PRODUCTS_DIR; };
		4974A6FA1A0977300054E696 /* Info.plist */ = {isa = PBXFileReference; lastKnownFileType = text.plist.xml; path = Info.plist; sourceTree = "<group>"; };
		4974A6FB1A0977300054E696 /* main.m */ = {isa = PBXFileReference; lastKnownFileType = sourcecode.c.objc; path = main.m; sourceTree = "<group>"; };
		4974A6FD1A0977300054E696 /* AppDelegate.h */ = {isa = PBXFileReference; lastKnownFileType = sourcecode.c.h; path = AppDelegate.h; sourceTree = "<group>"; };
		4974A6FE1A0977300054E696 /* AppDelegate.m */ = {isa = PBXFileReference; lastKnownFileType = sourcecode.c.objc; path = AppDelegate.m; sourceTree = "<group>"; };
		4974A7001A0977300054E696 /* RootViewController.h */ = {isa = PBXFileReference; lastKnownFileType = sourcecode.c.h; path = RootViewController.h; sourceTree = "<group>"; };
		4974A7011A0977300054E696 /* RootViewController.m */ = {isa = PBXFileReference; lastKnownFileType = sourcecode.c.objc; path = RootViewController.m; sourceTree = "<group>"; };
		4974A7041A0977300054E696 /* Base */ = {isa = PBXFileReference; lastKnownFileType = file.storyboard; name = Base; path = Base.lproj/Main.storyboard; sourceTree = "<group>"; };
		4974A7061A0977300054E696 /* Images.xcassets */ = {isa = PBXFileReference; lastKnownFileType = folder.assetcatalog; path = Images.xcassets; sourceTree = "<group>"; };
		4974A7091A0977300054E696 /* Base */ = {isa = PBXFileReference; lastKnownFileType = file.xib; name = Base; path = Base.lproj/LaunchScreen.xib; sourceTree = "<group>"; };
		4974A70F1A0977300054E696 /* GetOnThatBusTests.xctest */ = {isa = PBXFileReference; explicitFileType = wrapper.cfbundle; includeInIndex = 0; path = GetOnThatBusTests.xctest; sourceTree = BUILT_PRODUCTS_DIR; };
		4974A7141A0977300054E696 /* Info.plist */ = {isa = PBXFileReference; lastKnownFileType = text.plist.xml; path = Info.plist; sourceTree = "<group>"; };
		4974A7151A0977300054E696 /* GetOnThatBusTests.m */ = {isa = PBXFileReference; lastKnownFileType = sourcecode.c.objc; path = GetOnThatBusTests.m; sourceTree = "<group>"; };
		4974A71F1A097A890054E696 /* MapKit.framework */ = {isa = PBXFileReference; lastKnownFileType = wrapper.framework; name = MapKit.framework; path = System/Library/Frameworks/MapKit.framework; sourceTree = SDKROOT; };
		4974A7211A0980D90054E696 /* BusStop.h */ = {isa = PBXFileReference; fileEncoding = 4; lastKnownFileType = sourcecode.c.h; path = BusStop.h; sourceTree = "<group>"; };
		4974A7221A0980D90054E696 /* BusStop.m */ = {isa = PBXFileReference; fileEncoding = 4; lastKnownFileType = sourcecode.c.objc; path = BusStop.m; sourceTree = "<group>"; };
		4974A7251A0998010054E696 /* DetailViewController.h */ = {isa = PBXFileReference; fileEncoding = 4; lastKnownFileType = sourcecode.c.h; path = DetailViewController.h; sourceTree = "<group>"; };
		4974A7261A0998010054E696 /* DetailViewController.m */ = {isa = PBXFileReference; fileEncoding = 4; lastKnownFileType = sourcecode.c.objc; path = DetailViewController.m; sourceTree = "<group>"; };
/* End PBXFileReference section */

/* Begin PBXFrameworksBuildPhase section */
		4974A6F31A0977300054E696 /* Frameworks */ = {
			isa = PBXFrameworksBuildPhase;
			buildActionMask = 2147483647;
			files = (
				4974A7201A097A890054E696 /* MapKit.framework in Frameworks */,
			);
			runOnlyForDeploymentPostprocessing = 0;
		};
		4974A70C1A0977300054E696 /* Frameworks */ = {
			isa = PBXFrameworksBuildPhase;
			buildActionMask = 2147483647;
			files = (
			);
			runOnlyForDeploymentPostprocessing = 0;
		};
/* End PBXFrameworksBuildPhase section */

/* Begin PBXGroup section */
		4974A6ED1A0977300054E696 = {
			isa = PBXGroup;
			children = (
				4974A71F1A097A890054E696 /* MapKit.framework */,
				4974A6F81A0977300054E696 /* GetOnThatBus */,
				4974A7121A0977300054E696 /* GetOnThatBusTests */,
				4974A6F71A0977300054E696 /* Products */,
			);
			sourceTree = "<group>";
		};
		4974A6F71A0977300054E696 /* Products */ = {
			isa = PBXGroup;
			children = (
				4974A6F61A0977300054E696 /* GetOnThatBus.app */,
				4974A70F1A0977300054E696 /* GetOnThatBusTests.xctest */,
			);
			name = Products;
			sourceTree = "<group>";
		};
		4974A6F81A0977300054E696 /* GetOnThatBus */ = {
			isa = PBXGroup;
			children = (
				4974A6FD1A0977300054E696 /* AppDelegate.h */,
				4974A6FE1A0977300054E696 /* AppDelegate.m */,
				4974A7001A0977300054E696 /* RootViewController.h */,
				4974A7011A0977300054E696 /* RootViewController.m */,
				4974A7251A0998010054E696 /* DetailViewController.h */,
				4974A7261A0998010054E696 /* DetailViewController.m */,
				4974A7031A0977300054E696 /* Main.storyboard */,
				4974A7061A0977300054E696 /* Images.xcassets */,
				4974A7241A0980DD0054E696 /* Model */,
				4974A7081A0977300054E696 /* LaunchScreen.xib */,
				4974A6F91A0977300054E696 /* Supporting Files */,
			);
			path = GetOnThatBus;
			sourceTree = "<group>";
		};
		4974A6F91A0977300054E696 /* Supporting Files */ = {
			isa = PBXGroup;
			children = (
				4974A6FA1A0977300054E696 /* Info.plist */,
				4974A6FB1A0977300054E696 /* main.m */,
			);
			name = "Supporting Files";
			sourceTree = "<group>";
		};
		4974A7121A0977300054E696 /* GetOnThatBusTests */ = {
			isa = PBXGroup;
			children = (
				4974A7151A0977300054E696 /* GetOnThatBusTests.m */,
				4974A7131A0977300054E696 /* Supporting Files */,
			);
			path = GetOnThatBusTests;
			sourceTree = "<group>";
		};
		4974A7131A0977300054E696 /* Supporting Files */ = {
			isa = PBXGroup;
			children = (
				4974A7141A0977300054E696 /* Info.plist */,
			);
			name = "Supporting Files";
			sourceTree = "<group>";
		};
		4974A7241A0980DD0054E696 /* Model */ = {
			isa = PBXGroup;
			children = (
				4974A7211A0980D90054E696 /* BusStop.h */,
				4974A7221A0980D90054E696 /* BusStop.m */,
			);
			name = Model;
			sourceTree = "<group>";
		};
/* End PBXGroup section */

/* Begin PBXNativeTarget section */
		4974A6F51A0977300054E696 /* GetOnThatBus */ = {
			isa = PBXNativeTarget;
			buildConfigurationList = 4974A7191A0977300054E696 /* Build configuration list for PBXNativeTarget "GetOnThatBus" */;
			buildPhases = (
				4974A6F21A0977300054E696 /* Sources */,
				4974A6F31A0977300054E696 /* Frameworks */,
				4974A6F41A0977300054E696 /* Resources */,
			);
			buildRules = (
			);
			dependencies = (
			);
			name = GetOnThatBus;
			productName = GetOnThatBus;
			productReference = 4974A6F61A0977300054E696 /* GetOnThatBus.app */;
			productType = "com.apple.product-type.application";
		};
		4974A70E1A0977300054E696 /* GetOnThatBusTests */ = {
			isa = PBXNativeTarget;
			buildConfigurationList = 4974A71C1A0977300054E696 /* Build configuration list for PBXNativeTarget "GetOnThatBusTests" */;
			buildPhases = (
				4974A70B1A0977300054E696 /* Sources */,
				4974A70C1A0977300054E696 /* Frameworks */,
				4974A70D1A0977300054E696 /* Resources */,
			);
			buildRules = (
			);
			dependencies = (
				4974A7111A0977300054E696 /* PBXTargetDependency */,
			);
			name = GetOnThatBusTests;
			productName = GetOnThatBusTests;
			productReference = 4974A70F1A0977300054E696 /* GetOnThatBusTests.xctest */;
			productType = "com.apple.product-type.bundle.unit-test";
		};
/* End PBXNativeTarget section */

/* Begin PBXProject section */
		4974A6EE1A0977300054E696 /* Project object */ = {
			isa = PBXProject;
			attributes = {
				LastUpgradeCheck = 0600;
				ORGANIZATIONNAME = "Andrew Liu";
				TargetAttributes = {
					4974A6F51A0977300054E696 = {
						CreatedOnToolsVersion = 6.0.1;
					};
					4974A70E1A0977300054E696 = {
						CreatedOnToolsVersion = 6.0.1;
						TestTargetID = 4974A6F51A0977300054E696;
					};
				};
			};
			buildConfigurationList = 4974A6F11A0977300054E696 /* Build configuration list for PBXProject "GetOnThatBus" */;
			compatibilityVersion = "Xcode 3.2";
			developmentRegion = English;
			hasScannedForEncodings = 0;
			knownRegions = (
				en,
				Base,
			);
			mainGroup = 4974A6ED1A0977300054E696;
			productRefGroup = 4974A6F71A0977300054E696 /* Products */;
			projectDirPath = "";
			projectRoot = "";
			targets = (
				4974A6F51A0977300054E696 /* GetOnThatBus */,
				4974A70E1A0977300054E696 /* GetOnThatBusTests */,
			);
		};
/* End PBXProject section */

/* Begin PBXResourcesBuildPhase section */
		4974A6F41A0977300054E696 /* Resources */ = {
			isa = PBXResourcesBuildPhase;
			buildActionMask = 2147483647;
			files = (
				4974A7051A0977300054E696 /* Main.storyboard in Resources */,
				4974A70A1A0977300054E696 /* LaunchScreen.xib in Resources */,
				4974A7071A0977300054E696 /* Images.xcassets in Resources */,
			);
			runOnlyForDeploymentPostprocessing = 0;
		};
		4974A70D1A0977300054E696 /* Resources */ = {
			isa = PBXResourcesBuildPhase;
			buildActionMask = 2147483647;
			files = (
			);
			runOnlyForDeploymentPostprocessing = 0;
		};
/* End PBXResourcesBuildPhase section */

/* Begin PBXSourcesBuildPhase section */
		4974A6F21A0977300054E696 /* Sources */ = {
			isa = PBXSourcesBuildPhase;
			buildActionMask = 2147483647;
			files = (
				4974A7271A0998010054E696 /* DetailViewController.m in Sources */,
				4974A7021A0977300054E696 /* RootViewController.m in Sources */,
				4974A6FF1A0977300054E696 /* AppDelegate.m in Sources */,
				4974A6FC1A0977300054E696 /* main.m in Sources */,
				4974A7231A0980D90054E696 /* BusStop.m in Sources */,
			);
			runOnlyForDeploymentPostprocessing = 0;
		};
		4974A70B1A0977300054E696 /* Sources */ = {
			isa = PBXSourcesBuildPhase;
			buildActionMask = 2147483647;
			files = (
				4974A7161A0977300054E696 /* GetOnThatBusTests.m in Sources */,
			);
			runOnlyForDeploymentPostprocessing = 0;
		};
/* End PBXSourcesBuildPhase section */

/* Begin PBXTargetDependency section */
		4974A7111A0977300054E696 /* PBXTargetDependency */ = {
			isa = PBXTargetDependency;
			target = 4974A6F51A0977300054E696 /* GetOnThatBus */;
			targetProxy = 4974A7101A0977300054E696 /* PBXContainerItemProxy */;
		};
/* End PBXTargetDependency section */

/* Begin PBXVariantGroup section */
		4974A7031A0977300054E696 /* Main.storyboard */ = {
			isa = PBXVariantGroup;
			children = (
				4974A7041A0977300054E696 /* Base */,
			);
			name = Main.storyboard;
			sourceTree = "<group>";
		};
		4974A7081A0977300054E696 /* LaunchScreen.xib */ = {
			isa = PBXVariantGroup;
			children = (
				4974A7091A0977300054E696 /* Base */,
			);
			name = LaunchScreen.xib;
			sourceTree = "<group>";
		};
/* End PBXVariantGroup section */

/* Begin XCBuildConfiguration section */
		4974A7171A0977300054E696 /* Debug */ = {
			isa = XCBuildConfiguration;
			buildSettings = {
				ALWAYS_SEARCH_USER_PATHS = NO;
				CLANG_CXX_LANGUAGE_STANDARD = "gnu++0x";
				CLANG_CXX_LIBRARY = "libc++";
				CLANG_ENABLE_MODULES = YES;
				CLANG_ENABLE_OBJC_ARC = YES;
				CLANG_WARN_BOOL_CONVERSION = YES;
				CLANG_WARN_CONSTANT_CONVERSION = YES;
				CLANG_WARN_DIRECT_OBJC_ISA_USAGE = YES_ERROR;
				CLANG_WARN_EMPTY_BODY = YES;
				CLANG_WARN_ENUM_CONVERSION = YES;
				CLANG_WARN_INT_CONVERSION = YES;
				CLANG_WARN_OBJC_ROOT_CLASS = YES_ERROR;
				CLANG_WARN_UNREACHABLE_CODE = YES;
				CLANG_WARN__DUPLICATE_METHOD_MATCH = YES;
				"CODE_SIGN_IDENTITY[sdk=iphoneos*]" = "iPhone Developer";
				COPY_PHASE_STRIP = NO;
				ENABLE_STRICT_OBJC_MSGSEND = YES;
				GCC_C_LANGUAGE_STANDARD = gnu99;
				GCC_DYNAMIC_NO_PIC = NO;
				GCC_OPTIMIZATION_LEVEL = 0;
				GCC_PREPROCESSOR_DEFINITIONS = (
					"DEBUG=1",
					"$(inherited)",
				);
				GCC_SYMBOLS_PRIVATE_EXTERN = NO;
				GCC_WARN_64_TO_32_BIT_CONVERSION = YES;
				GCC_WARN_ABOUT_RETURN_TYPE = YES_ERROR;
				GCC_WARN_UNDECLARED_SELECTOR = YES;
				GCC_WARN_UNINITIALIZED_AUTOS = YES_AGGRESSIVE;
				GCC_WARN_UNUSED_FUNCTION = YES;
				GCC_WARN_UNUSED_VARIABLE = YES;
				IPHONEOS_DEPLOYMENT_TARGET = 8.0;
				MTL_ENABLE_DEBUG_INFO = YES;
				ONLY_ACTIVE_ARCH = YES;
				SDKROOT = iphoneos;
			};
			name = Debug;
		};
		4974A7181A0977300054E696 /* Release */ = {
			isa = XCBuildConfiguration;
			buildSettings = {
				ALWAYS_SEARCH_USER_PATHS = NO;
				CLANG_CXX_LANGUAGE_STANDARD = "gnu++0x";
				CLANG_CXX_LIBRARY = "libc++";
				CLANG_ENABLE_MODULES = YES;
				CLANG_ENABLE_OBJC_ARC = YES;
				CLANG_WARN_BOOL_CONVERSION = YES;
				CLANG_WARN_CONSTANT_CONVERSION = YES;
				CLANG_WARN_DIRECT_OBJC_ISA_USAGE = YES_ERROR;
				CLANG_WARN_EMPTY_BODY = YES;
				CLANG_WARN_ENUM_CONVERSION = YES;
				CLANG_WARN_INT_CONVERSION = YES;
				CLANG_WARN_OBJC_ROOT_CLASS = YES_ERROR;
				CLANG_WARN_UNREACHABLE_CODE = YES;
				CLANG_WARN__DUPLICATE_METHOD_MATCH = YES;
				"CODE_SIGN_IDENTITY[sdk=iphoneos*]" = "iPhone Developer";
				COPY_PHASE_STRIP = YES;
				ENABLE_NS_ASSERTIONS = NO;
				ENABLE_STRICT_OBJC_MSGSEND = YES;
				GCC_C_LANGUAGE_STANDARD = gnu99;
				GCC_WARN_64_TO_32_BIT_CONVERSION = YES;
				GCC_WARN_ABOUT_RETURN_TYPE = YES_ERROR;
				GCC_WARN_UNDECLARED_SELECTOR = YES;
				GCC_WARN_UNINITIALIZED_AUTOS = YES_AGGRESSIVE;
				GCC_WARN_UNUSED_FUNCTION = YES;
				GCC_WARN_UNUSED_VARIABLE = YES;
				IPHONEOS_DEPLOYMENT_TARGET = 8.0;
				MTL_ENABLE_DEBUG_INFO = NO;
				SDKROOT = iphoneos;
				VALIDATE_PRODUCT = YES;
			};
			name = Release;
		};
		4974A71A1A0977300054E696 /* Debug */ = {
			isa = XCBuildConfiguration;
			buildSettings = {
				ASSETCATALOG_COMPILER_APPICON_NAME = AppIcon;
				INFOPLIST_FILE = GetOnThatBus/Info.plist;
				LD_RUNPATH_SEARCH_PATHS = "$(inherited) @executable_path/Frameworks";
				PRODUCT_NAME = "$(TARGET_NAME)";
				TARGETED_DEVICE_FAMILY = "1,2";
			};
			name = Debug;
		};
		4974A71B1A0977300054E696 /* Release */ = {
			isa = XCBuildConfiguration;
			buildSettings = {
				ASSETCATALOG_COMPILER_APPICON_NAME = AppIcon;
				INFOPLIST_FILE = GetOnThatBus/Info.plist;
				LD_RUNPATH_SEARCH_PATHS = "$(inherited) @executable_path/Frameworks";
				PRODUCT_NAME = "$(TARGET_NAME)";
				TARGETED_DEVICE_FAMILY = "1,2";
			};
			name = Release;
		};
		4974A71D1A0977300054E696 /* Debug */ = {
			isa = XCBuildConfiguration;
			buildSettings = {
				BUNDLE_LOADER = "$(TEST_HOST)";
				FRAMEWORK_SEARCH_PATHS = (
					"$(SDKROOT)/Developer/Library/Frameworks",
					"$(inherited)",
				);
				GCC_PREPROCESSOR_DEFINITIONS = (
					"DEBUG=1",
					"$(inherited)",
				);
				INFOPLIST_FILE = GetOnThatBusTests/Info.plist;
				LD_RUNPATH_SEARCH_PATHS = "$(inherited) @executable_path/Frameworks @loader_path/Frameworks";
				PRODUCT_NAME = "$(TARGET_NAME)";
				TEST_HOST = "$(BUILT_PRODUCTS_DIR)/GetOnThatBus.app/GetOnThatBus";
			};
			name = Debug;
		};
		4974A71E1A0977300054E696 /* Release */ = {
			isa = XCBuildConfiguration;
			buildSettings = {
				BUNDLE_LOADER = "$(TEST_HOST)";
				FRAMEWORK_SEARCH_PATHS = (
					"$(SDKROOT)/Developer/Library/Frameworks",
					"$(inherited)",
				);
				INFOPLIST_FILE = GetOnThatBusTests/Info.plist;
				LD_RUNPATH_SEARCH_PATHS = "$(inherited) @executable_path/Frameworks @loader_path/Frameworks";
				PRODUCT_NAME = "$(TARGET_NAME)";
				TEST_HOST = "$(BUILT_PRODUCTS_DIR)/GetOnThatBus.app/GetOnThatBus";
			};
			name = Release;
		};
/* End XCBuildConfiguration section */

/* Begin XCConfigurationList section */
		4974A6F11A0977300054E696 /* Build configuration list for PBXProject "GetOnThatBus" */ = {
			isa = XCConfigurationList;
			buildConfigurations = (
				4974A7171A0977300054E696 /* Debug */,
				4974A7181A0977300054E696 /* Release */,
			);
			defaultConfigurationIsVisible = 0;
			defaultConfigurationName = Release;
		};
		4974A7191A0977300054E696 /* Build configuration list for PBXNativeTarget "GetOnThatBus" */ = {
			isa = XCConfigurationList;
			buildConfigurations = (
				4974A71A1A0977300054E696 /* Debug */,
				4974A71B1A0977300054E696 /* Release */,
			);
			defaultConfigurationIsVisible = 0;
		};
		4974A71C1A0977300054E696 /* Build configuration list for PBXNativeTarget "GetOnThatBusTests" */ = {
			isa = XCConfigurationList;
			buildConfigurations = (
				4974A71D1A0977300054E696 /* Debug */,
				4974A71E1A0977300054E696 /* Release */,
			);
			defaultConfigurationIsVisible = 0;
		};
/* End XCConfigurationList section */
	};
	rootObject = 4974A6EE1A0977300054E696 /* Project object */;
}
